
Microsoft Visual Studio Solution File, Format Version 12.00
# Visual Studio 14
VisualStudioVersion = 14.0.24720.0
MinimumVisualStudioVersion = 10.0.40219.1
Project("{2150E333-8FDC-42A3-9474-1A3956D46DE8}") = "src", "src", "{263BE58F-511F-4DBB-804D-FAC51B24E7F8}"
EndProject
Project("{2150E333-8FDC-42A3-9474-1A3956D46DE8}") = "Solution Items", "Solution Items", "{83BFAA71-3969-4D4C-89DD-B6DD53BA814D}"
	ProjectSection(SolutionItems) = preProject
		global.json = global.json
	EndProjectSection
EndProject
Project("{8BB2217D-0F2D-49D1-97BC-3654ED321F3B}") = "WebApplication1", "src\WebApplication1\WebApplication1.xproj", "{E2D9C457-9658-4657-8A52-7304E6505690}"
EndProject
Global
	GlobalSection(SolutionConfigurationPlatforms) = preSolution
		Debug|Any CPU = Debug|Any CPU
		Release|Any CPU = Release|Any CPU
	EndGlobalSection
	GlobalSection(ProjectConfigurationPlatforms) = postSolution
		{E2D9C457-9658-4657-8A52-7304E6505690}.Debug|Any CPU.ActiveCfg = Debug|Any CPU
		{E2D9C457-9658-4657-8A52-7304E6505690}.Debug|Any CPU.Build.0 = Debug|Any CPU
		{E2D9C457-9658-4657-8A52-7304E6505690}.Release|Any CPU.ActiveCfg = Release|Any CPU
		{E2D9C457-9658-4657-8A52-7304E6505690}.Release|Any CPU.Build.0 = Release|Any CPU
	EndGlobalSection
	GlobalSection(SolutionProperties) = preSolution
		HideSolutionNode = FALSE
	EndGlobalSection
	GlobalSection(NestedProjects) = preSolution
		{E2D9C457-9658-4657-8A52-7304E6505690} = {263BE58F-511F-4DBB-804D-FAC51B24E7F8}
	EndGlobalSection
EndGlobal
